// !$*UTF8*$!
{
	archiveVersion = 1;
	classes = {
	};
	objectVersion = 50;
	objects = {

/* Begin PBXBuildFile section */
		3D0891E42702867000B0E616 /* AppDelegate.swift in Sources */ = {isa = PBXBuildFile; fileRef = 3D0891E32702867000B0E616 /* AppDelegate.swift */; };
		3D0891E62702867000B0E616 /* SceneDelegate.swift in Sources */ = {isa = PBXBuildFile; fileRef = 3D0891E52702867000B0E616 /* SceneDelegate.swift */; };
		3D0891E82702867000B0E616 /* ViewController.swift in Sources */ = {isa = PBXBuildFile; fileRef = 3D0891E72702867000B0E616 /* ViewController.swift */; };
		3D0891EB2702867000B0E616 /* Main.storyboard in Resources */ = {isa = PBXBuildFile; fileRef = 3D0891E92702867000B0E616 /* Main.storyboard */; };
		3D0891ED2702867300B0E616 /* Assets.xcassets in Resources */ = {isa = PBXBuildFile; fileRef = 3D0891EC2702867300B0E616 /* Assets.xcassets */; };
		3D0891F02702867300B0E616 /* LaunchScreen.storyboard in Resources */ = {isa = PBXBuildFile; fileRef = 3D0891EE2702867300B0E616 /* LaunchScreen.storyboard */; };
		3D0891F82702940700B0E616 /* ZeldaAlumnoController.swift in Sources */ = {isa = PBXBuildFile; fileRef = 3D0891F72702940700B0E616 /* ZeldaAlumnoController.swift */; };
/* End PBXBuildFile section */

/* Begin PBXFileReference section */
		3D0891E02702867000B0E616 /* Table Views Jesus.app */ = {isa = PBXFileReference; explicitFileType = wrapper.application; includeInIndex = 0; path = "Table Views Jesus.app"; sourceTree = BUILT_PRODUCTS_DIR; };
		3D0891E32702867000B0E616 /* AppDelegate.swift */ = {isa = PBXFileReference; lastKnownFileType = sourcecode.swift; path = AppDelegate.swift; sourceTree = "<group>"; };
		3D0891E52702867000B0E616 /* SceneDelegate.swift */ = {isa = PBXFileReference; lastKnownFileType = sourcecode.swift; path = SceneDelegate.swift; sourceTree = "<group>"; };
		3D0891E72702867000B0E616 /* ViewController.swift */ = {isa = PBXFileReference; lastKnownFileType = sourcecode.swift; path = ViewController.swift; sourceTree = "<group>"; };
		3D0891EA2702867000B0E616 /* Base */ = {isa = PBXFileReference; lastKnownFileType = file.storyboard; name = Base; path = Base.lproj/Main.storyboard; sourceTree = "<group>"; };
		3D0891EC2702867300B0E616 /* Assets.xcassets */ = {isa = PBXFileReference; lastKnownFileType = folder.assetcatalog; path = Assets.xcassets; sourceTree = "<group>"; };
		3D0891EF2702867300B0E616 /* Base */ = {isa = PBXFileReference; lastKnownFileType = file.storyboard; name = Base; path = Base.lproj/LaunchScreen.storyboard; sourceTree = "<group>"; };
		3D0891F12702867300B0E616 /* Info.plist */ = {isa = PBXFileReference; lastKnownFileType = text.plist.xml; path = Info.plist; sourceTree = "<group>"; };
		3D0891F72702940700B0E616 /* ZeldaAlumnoController.swift */ = {isa = PBXFileReference; lastKnownFileType = sourcecode.swift; path = ZeldaAlumnoController.swift; sourceTree = "<group>"; };
/* End PBXFileReference section */

/* Begin PBXFrameworksBuildPhase section */
		3D0891DD2702867000B0E616 /* Frameworks */ = {
			isa = PBXFrameworksBuildPhase;
			buildActionMask = 2147483647;
			files = (
			);
			runOnlyForDeploymentPostprocessing = 0;
		};
/* End PBXFrameworksBuildPhase section */

/* Begin PBXGroup section */
		3D0891D72702867000B0E616 = {
			isa = PBXGroup;
			children = (
				3D0891E22702867000B0E616 /* Table Views Jesus */,
				3D0891E12702867000B0E616 /* Products */,
			);
			sourceTree = "<group>";
		};
		3D0891E12702867000B0E616 /* Products */ = {
			isa = PBXGroup;
			children = (
				3D0891E02702867000B0E616 /* Table Views Jesus.app */,
			);
			name = Products;
			sourceTree = "<group>";
		};
		3D0891E22702867000B0E616 /* Table Views Jesus */ = {
			isa = PBXGroup;
			children = (
				3D0891E32702867000B0E616 /* AppDelegate.swift */,
				3D0891E52702867000B0E616 /* SceneDelegate.swift */,
				3D0891E72702867000B0E616 /* ViewController.swift */,
				3D0891E92702867000B0E616 /* Main.storyboard */,
				3D0891EC2702867300B0E616 /* Assets.xcassets */,
				3D0891EE2702867300B0E616 /* LaunchScreen.storyboard */,
				3D0891F12702867300B0E616 /* Info.plist */,
				3D0891F72702940700B0E616 /* ZeldaAlumnoController.swift */,
			);
			path = "Table Views Jesus";
			sourceTree = "<group>";
		};
/* End PBXGroup section */

/* Begin PBXNativeTarget section */
		3D0891DF2702867000B0E616 /* Table Views Jesus */ = {
			isa = PBXNativeTarget;
			buildConfigurationList = 3D0891F42702867300B0E616 /* Build configuration list for PBXNativeTarget "Table Views Jesus" */;
			buildPhases = (
				3D0891DC2702867000B0E616 /* Sources */,
				3D0891DD2702867000B0E616 /* Frameworks */,
				3D0891DE2702867000B0E616 /* Resources */,
			);
			buildRules = (
			);
			dependencies = (
			);
			name = "Table Views Jesus";
			productName = "Table Views Jesus";
			productReference = 3D0891E02702867000B0E616 /* Table Views Jesus.app */;
			productType = "com.apple.product-type.application";
		};
/* End PBXNativeTarget section */

/* Begin PBXProject section */
		3D0891D82702867000B0E616 /* Project object */ = {
			isa = PBXProject;
			attributes = {
				LastSwiftUpdateCheck = 1130;
				LastUpgradeCheck = 1130;
				ORGANIZATIONNAME = Alumno;
				TargetAttributes = {
					3D0891DF2702867000B0E616 = {
						CreatedOnToolsVersion = 11.3.1;
					};
				};
			};
			buildConfigurationList = 3D0891DB2702867000B0E616 /* Build configuration list for PBXProject "Table Views Jesus" */;
			compatibilityVersion = "Xcode 9.3";
			developmentRegion = en;
			hasScannedForEncodings = 0;
			knownRegions = (
				en,
				Base,
			);
			mainGroup = 3D0891D72702867000B0E616;
			productRefGroup = 3D0891E12702867000B0E616 /* Products */;
			projectDirPath = "";
			projectRoot = "";
			targets = (
				3D0891DF2702867000B0E616 /* Table Views Jesus */,
			);
		};
/* End PBXProject section */

/* Begin PBXResourcesBuildPhase section */
		3D0891DE2702867000B0E616 /* Resources */ = {
			isa = PBXResourcesBuildPhase;
			buildActionMask = 2147483647;
			files = (
				3D0891F02702867300B0E616 /* LaunchScreen.storyboard in Resources */,
				3D0891ED2702867300B0E616 /* Assets.xcassets in Resources */,
				3D0891EB2702867000B0E616 /* Main.storyboard in Resources */,
			);
			runOnlyForDeploymentPostprocessing = 0;
		};
/* End PBXResourcesBuildPhase section */

/* Begin PBXSourcesBuildPhase section */
		3D0891DC2702867000B0E616 /* Sources */ = {
			isa = PBXSourcesBuildPhase;
			buildActionMask = 2147483647;
			files = (
				3D0891E82702867000B0E616 /* ViewController.swift in Sources */,
				3D0891E42702867000B0E616 /* AppDelegate.swift in Sources */,
				3D0891F82702940700B0E616 /* ZeldaAlumnoController.swift in Sources */,
				3D0891E62702867000B0E616 /* SceneDelegate.swift in Sources */,
			);
			runOnlyForDeploymentPostprocessing = 0;
		};
/* End PBXSourcesBuildPhase section */

/* Begin PBXVariantGroup section */
		3D0891E92702867000B0E616 /* Main.storyboard */ = {
			isa = PBXVariantGroup;
			children = (
				3D0891EA2702867000B0E616 /* Base */,
			);
			name = Main.storyboard;
			sourceTree = "<group>";
		};
		3D0891EE2702867300B0E616 /* LaunchScreen.storyboard */ = {
			isa = PBXVariantGroup;
			children = (
				3D0891EF2702867300B0E616 /* Base */,
			);
			name = LaunchScreen.storyboard;
			sourceTree = "<group>";
		};
/* End PBXVariantGroup section */

/* Begin XCBuildConfiguration section */
		3D0891F22702867300B0E616 /* Debug */ = {
			isa = XCBuildConfiguration;
			buildSettings = {
				ALWAYS_SEARCH_USER_PATHS = NO;
				CLANG_ANALYZER_NONNULL = YES;
				CLANG_ANALYZER_NUMBER_OBJECT_CONVERSION = YES_AGGRESSIVE;
				CLANG_CXX_LANGUAGE_STANDARD = "gnu++14";
				CLANG_CXX_LIBRARY = "libc++";
				CLANG_ENABLE_MODULES = YES;
				CLANG_ENABLE_OBJC_ARC = YES;
				CLANG_ENABLE_OBJC_WEAK = YES;
				CLANG_WARN_BLOCK_CAPTURE_AUTORELEASING = YES;
				CLANG_WARN_BOOL_CONVERSION = YES;
				CLANG_WARN_COMMA = YES;
				CLANG_WARN_CONSTANT_CONVERSION = YES;
				CLANG_WARN_DEPRECATED_OBJC_IMPLEMENTATIONS = YES;
				CLANG_WARN_DIRECT_OBJC_ISA_USAGE = YES_ERROR;
				CLANG_WARN_DOCUMENTATION_COMMENTS = YES;
				CLANG_WARN_EMPTY_BODY = YES;
				CLANG_WARN_ENUM_CONVERSION = YES;
				CLANG_WARN_INFINITE_RECURSION = YES;
				CLANG_WARN_INT_CONVERSION = YES;
				CLANG_WARN_NON_LITERAL_NULL_CONVERSION = YES;
				CLANG_WARN_OBJC_IMPLICIT_RETAIN_SELF = YES;
				CLANG_WARN_OBJC_LITERAL_CONVERSION = YES;
				CLANG_WARN_OBJC_ROOT_CLASS = YES_ERROR;
				CLANG_WARN_RANGE_LOOP_ANALYSIS = YES;
				CLANG_WARN_STRICT_PROTOTYPES = YES;
				CLANG_WARN_SUSPICIOUS_MOVE = YES;
				CLANG_WARN_UNGUARDED_AVAILABILITY = YES_AGGRESSIVE;
				CLANG_WARN_UNREACHABLE_CODE = YES;
				CLANG_WARN__DUPLICATE_METHOD_MATCH = YES;
				COPY_PHASE_STRIP = NO;
				DEBUG_INFORMATION_FORMAT = dwarf;
				ENABLE_STRICT_OBJC_MSGSEND = YES;
				ENABLE_TESTABILITY = YES;
				GCC_C_LANGUAGE_STANDARD = gnu11;
				GCC_DYNAMIC_NO_PIC = NO;
				GCC_NO_COMMON_BLOCKS = YES;
				GCC_OPTIMIZATION_LEVEL = 0;
				GCC_PREPROCESSOR_DEFINITIONS = (
					"DEBUG=1",
					"$(inherited)",
				);
				GCC_WARN_64_TO_32_BIT_CONVERSION = YES;
				GCC_WARN_ABOUT_RETURN_TYPE = YES_ERROR;
				GCC_WARN_UNDECLARED_SELECTOR = YES;
				GCC_WARN_UNINITIALIZED_AUTOS = YES_AGGRESSIVE;
				GCC_WARN_UNUSED_FUNCTION = YES;
				GCC_WARN_UNUSED_VARIABLE = YES;
				IPHONEOS_DEPLOYMENT_TARGET = 13.2;
				MTL_ENABLE_DEBUG_INFO = INCLUDE_SOURCE;
				MTL_FAST_MATH = YES;
				ONLY_ACTIVE_ARCH = YES;
				SDKROOT = iphoneos;
				SWIFT_ACTIVE_COMPILATION_CONDITIONS = DEBUG;
				SWIFT_OPTIMIZATION_LEVEL = "-Onone";
			};
			name = Debug;
		};
		3D0891F32702867300B0E616 /* Release */ = {
			isa = XCBuildConfiguration;
			buildSettings = {
				ALWAYS_SEARCH_USER_PATHS = NO;
				CLANG_ANALYZER_NONNULL = YES;
				CLANG_ANALYZER_NUMBER_OBJECT_CONVERSION = YES_AGGRESSIVE;
				CLANG_CXX_LANGUAGE_STANDARD = "gnu++14";
				CLANG_CXX_LIBRARY = "libc++";
				CLANG_ENABLE_MODULES = YES;
				CLANG_ENABLE_OBJC_ARC = YES;
				CLANG_ENABLE_OBJC_WEAK = YES;
				CLANG_WARN_BLOCK_CAPTURE_AUTORELEASING = YES;
				CLANG_WARN_BOOL_CONVERSION = YES;
				CLANG_WARN_COMMA = YES;
				CLANG_WARN_CONSTANT_CONVERSION = YES;
				CLANG_WARN_DEPRECATED_OBJC_IMPLEMENTATIONS = YES;
				CLANG_WARN_DIRECT_OBJC_ISA_USAGE = YES_ERROR;
				CLANG_WARN_DOCUMENTATION_COMMENTS = YES;
				CLANG_WARN_EMPTY_BODY = YES;
				CLANG_WARN_ENUM_CONVERSION = YES;
				CLANG_WARN_INFINITE_RECURSION = YES;
				CLANG_WARN_INT_CONVERSION = YES;
				CLANG_WARN_NON_LITERAL_NULL_CONVERSION = YES;
				CLANG_WARN_OBJC_IMPLICIT_RETAIN_SELF = YES;
				CLANG_WARN_OBJC_LITERAL_CONVERSION = YES;
				CLANG_WARN_OBJC_ROOT_CLASS = YES_ERROR;
				CLANG_WARN_RANGE_LOOP_ANALYSIS = YES;
				CLANG_WARN_STRICT_PROTOTYPES = YES;
				CLANG_WARN_SUSPICIOUS_MOVE = YES;
				CLANG_WARN_UNGUARDED_AVAILABILITY = YES_AGGRESSIVE;
				CLANG_WARN_UNREACHABLE_CODE = YES;
				CLANG_WARN__DUPLICATE_METHOD_MATCH = YES;
				COPY_PHASE_STRIP = NO;
				DEBUG_INFORMATION_FORMAT = "dwarf-with-dsym";
				ENABLE_NS_ASSERTIONS = NO;
				ENABLE_STRICT_OBJC_MSGSEND = YES;
				GCC_C_LANGUAGE_STANDARD = gnu11;
				GCC_NO_COMMON_BLOCKS = YES;
				GCC_WARN_64_TO_32_BIT_CONVERSION = YES;
				GCC_WARN_ABOUT_RETURN_TYPE = YES_ERROR;
				GCC_WARN_UNDECLARED_SELECTOR = YES;
				GCC_WARN_UNINITIALIZED_AUTOS = YES_AGGRESSIVE;
				GCC_WARN_UNUSED_FUNCTION = YES;
				GCC_WARN_UNUSED_VARIABLE = YES;
				IPHONEOS_DEPLOYMENT_TARGET = 13.2;
				MTL_ENABLE_DEBUG_INFO = NO;
				MTL_FAST_MATH = YES;
				SDKROOT = iphoneos;
				SWIFT_COMPILATION_MODE = wholemodule;
				SWIFT_OPTIMIZATION_LEVEL = "-O";
				VALIDATE_PRODUCT = YES;
			};
			name = Release;
		};
		3D0891F52702867300B0E616 /* Debug */ = {
			isa = XCBuildConfiguration;
			buildSettings = {
				ASSETCATALOG_COMPILER_APPICON_NAME = AppIcon;
				CODE_SIGN_STYLE = Automatic;
				INFOPLIST_FILE = "Table Views Jesus/Info.plist";
				LD_RUNPATH_SEARCH_PATHS = (
					"$(inherited)",
					"@executable_path/Frameworks",
				);
				PRODUCT_BUNDLE_IDENTIFIER = "edu.ulsa.Table-Views-Jesus";
				PRODUCT_NAME = "$(TARGET_NAME)";
				SWIFT_VERSION = 5.0;
				TARGETED_DEVICE_FAMILY = "1,2";
			};
			name = Debug;
		};
		3D0891F62702867300B0E616 /* Release */ = {
			isa = XCBuildConfiguration;
			buildSettings = {
				ASSETCATALOG_COMPILER_APPICON_NAME = AppIcon;
				CODE_SIGN_STYLE = Automatic;
				INFOPLIST_FILE = "Table Views Jesus/Info.plist";
				LD_RUNPATH_SEARCH_PATHS = (
					"$(inherited)",
					"@executable_path/Frameworks",
				);
				PRODUCT_BUNDLE_IDENTIFIER = "edu.ulsa.Table-Views-Jesus";
				PRODUCT_NAME = "$(TARGET_NAME)";
				SWIFT_VERSION = 5.0;
				TARGETED_DEVICE_FAMILY = "1,2";
			};
			name = Release;
		};
/* End XCBuildConfiguration section */

/* Begin XCConfigurationList section */
		3D0891DB2702867000B0E616 /* Build configuration list for PBXProject "Table Views Jesus" */ = {
			isa = XCConfigurationList;
			buildConfigurations = (
				3D0891F22702867300B0E616 /* Debug */,
				3D0891F32702867300B0E616 /* Release */,
			);
			defaultConfigurationIsVisible = 0;
			defaultConfigurationName = Release;
		};
		3D0891F42702867300B0E616 /* Build configuration list for PBXNativeTarget "Table Views Jesus" */ = {
			isa = XCConfigurationList;
			buildConfigurations = (
				3D0891F52702867300B0E616 /* Debug */,
				3D0891F62702867300B0E616 /* Release */,
			);
			defaultConfigurationIsVisible = 0;
			defaultConfigurationName = Release;
		};
/* End XCConfigurationList section */
	};
	rootObject = 3D0891D82702867000B0E616 /* Project object */;
}
